
Microsoft Visual Studio Solution File, Format Version 12.00
# Visual Studio Version 16
VisualStudioVersion = 16.0.31727.386
MinimumVisualStudioVersion = 10.0.40219.1
Project("{FAE04EC0-301F-11D3-BF4B-00C04F79EFBC}") = "творчЗмейка", "творчЗмейка.csproj", "{FED1C2E6-644B-43F6-B6BB-323F6EB2EA11}"
EndProject
Global
	GlobalSection(SolutionConfigurationPlatforms) = preSolution
		Debug|Any CPU = Debug|Any CPU
		Release|Any CPU = Release|Any CPU
	EndGlobalSection
	GlobalSection(ProjectConfigurationPlatforms) = postSolution
		{FED1C2E6-644B-43F6-B6BB-323F6EB2EA11}.Debug|Any CPU.ActiveCfg = Debug|Any CPU
		{FED1C2E6-644B-43F6-B6BB-323F6EB2EA11}.Debug|Any CPU.Build.0 = Debug|Any CPU
		{FED1C2E6-644B-43F6-B6BB-323F6EB2EA11}.Release|Any CPU.ActiveCfg = Release|Any CPU
		{FED1C2E6-644B-43F6-B6BB-323F6EB2EA11}.Release|Any CPU.Build.0 = Release|Any CPU
	EndGlobalSection
	GlobalSection(SolutionProperties) = preSolution
		HideSolutionNode = FALSE
	EndGlobalSection
	GlobalSection(ExtensibilityGlobals) = postSolution
		SolutionGuid = {12159714-0564-4242-867E-D83DE214C332}
	EndGlobalSection
EndGlobal
